// !$*UTF8*$!
{
	archiveVersion = 1;
	classes = {
	};
	objectVersion = 46;
	objects = {

/* Begin PBXBuildFile section */
		014579F11176FCB8005BBF82 /* TodoList.plist in Resources */ = {isa = PBXBuildFile; fileRef = 014579F01176FCB8005BBF82 /* TodoList.plist */; };
		01457AEB117723E2005BBF82 /* NewItemViewController.m in Sources */ = {isa = PBXBuildFile; fileRef = 01457AE9117723E2005BBF82 /* NewItemViewController.m */; };
		01457AEC117723E2005BBF82 /* NewItemViewController.xib in Resources */ = {isa = PBXBuildFile; fileRef = 01457AEA117723E2005BBF82 /* NewItemViewController.xib */; };
		01864D451861E0440081685A /* CryptoCoding.m in Sources */ = {isa = PBXBuildFile; fileRef = 01864D441861E0440081685A /* CryptoCoding.m */; };
		01CDB1F81611333600B929AD /* Security.framework in Frameworks */ = {isa = PBXBuildFile; fileRef = 01CDB1F71611333600B929AD /* Security.framework */; };
		01CDB1FA1611334700B929AD /* Default-568h@2x.png in Resources */ = {isa = PBXBuildFile; fileRef = 01CDB1F91611334700B929AD /* Default-568h@2x.png */; };
		1D3623260D0F684500981E51 /* TodoListAppDelegate.m in Sources */ = {isa = PBXBuildFile; fileRef = 1D3623250D0F684500981E51 /* TodoListAppDelegate.m */; };
		1D60589B0D05DD56006BFB54 /* main.m in Sources */ = {isa = PBXBuildFile; fileRef = 29B97316FDCFA39411CA2CEA /* main.m */; };
		1D60589F0D05DD5A006BFB54 /* Foundation.framework in Frameworks */ = {isa = PBXBuildFile; fileRef = 1D30AB110D05D00D00671497 /* Foundation.framework */; };
		1DF5F4E00D08C38300B7A737 /* UIKit.framework in Frameworks */ = {isa = PBXBuildFile; fileRef = 1DF5F4DF0D08C38300B7A737 /* UIKit.framework */; };
		288765A50DF7441C002DB57D /* CoreGraphics.framework in Frameworks */ = {isa = PBXBuildFile; fileRef = 288765A40DF7441C002DB57D /* CoreGraphics.framework */; };
		2899E5220DE3E06400AC0155 /* TodoListViewController.xib in Resources */ = {isa = PBXBuildFile; fileRef = 2899E5210DE3E06400AC0155 /* TodoListViewController.xib */; };
		28AD733F0D9D9553002E5188 /* MainWindow.xib in Resources */ = {isa = PBXBuildFile; fileRef = 28AD733E0D9D9553002E5188 /* MainWindow.xib */; };
		28D7ACF80DDB3853001CB0EB /* TodoListViewController.m in Sources */ = {isa = PBXBuildFile; fileRef = 28D7ACF70DDB3853001CB0EB /* TodoListViewController.m */; };
		B25BC0FB146AA0FB00008FB3 /* BaseModel.m in Sources */ = {isa = PBXBuildFile; fileRef = B25BC0FA146AA0FB00008FB3 /* BaseModel.m */; };
		B2CE7D5413E1729C00AB7DB4 /* TodoItem.m in Sources */ = {isa = PBXBuildFile; fileRef = B2CE7D5313E1729C00AB7DB4 /* TodoItem.m */; };
		B2CE7D5713E172A700AB7DB4 /* TodoList.m in Sources */ = {isa = PBXBuildFile; fileRef = B2CE7D5513E172A700AB7DB4 /* TodoList.m */; };
/* End PBXBuildFile section */

/* Begin PBXFileReference section */
		014579F01176FCB8005BBF82 /* TodoList.plist */ = {isa = PBXFileReference; fileEncoding = 4; lastKnownFileType = text.plist.xml; path = TodoList.plist; sourceTree = "<group>"; };
		01457AE8117723E2005BBF82 /* NewItemViewController.h */ = {isa = PBXFileReference; fileEncoding = 4; lastKnownFileType = sourcecode.c.h; path = NewItemViewController.h; sourceTree = "<group>"; };
		01457AE9117723E2005BBF82 /* NewItemViewController.m */ = {isa = PBXFileReference; fileEncoding = 4; lastKnownFileType = sourcecode.c.objc; path = NewItemViewController.m; sourceTree = "<group>"; };
		01457AEA117723E2005BBF82 /* NewItemViewController.xib */ = {isa = PBXFileReference; lastKnownFileType = file.xib; name = NewItemViewController.xib; path = Classes/NewItemViewController.xib; sourceTree = "<group>"; };
		01864D431861E0440081685A /* CryptoCoding.h */ = {isa = PBXFileReference; fileEncoding = 4; lastKnownFileType = sourcecode.c.h; path = CryptoCoding.h; sourceTree = "<group>"; };
		01864D441861E0440081685A /* CryptoCoding.m */ = {isa = PBXFileReference; fileEncoding = 4; lastKnownFileType = sourcecode.c.objc; path = CryptoCoding.m; sourceTree = "<group>"; };
		01CDB1F71611333600B929AD /* Security.framework */ = {isa = PBXFileReference; lastKnownFileType = wrapper.framework; name = Security.framework; path = System/Library/Frameworks/Security.framework; sourceTree = SDKROOT; };
		01CDB1F91611334700B929AD /* Default-568h@2x.png */ = {isa = PBXFileReference; lastKnownFileType = image.png; path = "Default-568h@2x.png"; sourceTree = "<group>"; };
		1D30AB110D05D00D00671497 /* Foundation.framework */ = {isa = PBXFileReference; lastKnownFileType = wrapper.framework; name = Foundation.framework; path = System/Library/Frameworks/Foundation.framework; sourceTree = SDKROOT; };
		1D3623240D0F684500981E51 /* TodoListAppDelegate.h */ = {isa = PBXFileReference; fileEncoding = 4; lastKnownFileType = sourcecode.c.h; name = TodoListAppDelegate.h; path = Classes/TodoListAppDelegate.h; sourceTree = SOURCE_ROOT; };
		1D3623250D0F684500981E51 /* TodoListAppDelegate.m */ = {isa = PBXFileReference; fileEncoding = 4; lastKnownFileType = sourcecode.c.objc; path = TodoListAppDelegate.m; sourceTree = "<group>"; };
		1D6058910D05DD3D006BFB54 /* CryptoTodoList.app */ = {isa = PBXFileReference; explicitFileType = wrapper.application; includeInIndex = 0; path = CryptoTodoList.app; sourceTree = BUILT_PRODUCTS_DIR; };
		1DF5F4DF0D08C38300B7A737 /* UIKit.framework */ = {isa = PBXFileReference; lastKnownFileType = wrapper.framework; name = UIKit.framework; path = System/Library/Frameworks/UIKit.framework; sourceTree = SDKROOT; };
		288765A40DF7441C002DB57D /* CoreGraphics.framework */ = {isa = PBXFileReference; lastKnownFileType = wrapper.framework; name = CoreGraphics.framework; path = System/Library/Frameworks/CoreGraphics.framework; sourceTree = SDKROOT; };
		2899E5210DE3E06400AC0155 /* TodoListViewController.xib */ = {isa = PBXFileReference; lastKnownFileType = file.xib; path = TodoListViewController.xib; sourceTree = "<group>"; };
		28AD733E0D9D9553002E5188 /* MainWindow.xib */ = {isa = PBXFileReference; lastKnownFileType = file.xib; path = MainWindow.xib; sourceTree = "<group>"; };
		28D7ACF60DDB3853001CB0EB /* TodoListViewController.h */ = {isa = PBXFileReference; fileEncoding = 4; lastKnownFileType = sourcecode.c.h; path = TodoListViewController.h; sourceTree = "<group>"; };
		28D7ACF70DDB3853001CB0EB /* TodoListViewController.m */ = {isa = PBXFileReference; fileEncoding = 4; lastKnownFileType = sourcecode.c.objc; path = TodoListViewController.m; sourceTree = "<group>"; };
		29B97316FDCFA39411CA2CEA /* main.m */ = {isa = PBXFileReference; fileEncoding = 4; lastKnownFileType = sourcecode.c.objc; path = main.m; sourceTree = "<group>"; };
		32CA4F630368D1EE00C91783 /* CryptoTodoList_Prefix.pch */ = {isa = PBXFileReference; fileEncoding = 4; lastKnownFileType = sourcecode.c.h; path = CryptoTodoList_Prefix.pch; sourceTree = "<group>"; };
		8D1107310486CEB800E47090 /* CryptoTodoList-Info.plist */ = {isa = PBXFileReference; fileEncoding = 4; lastKnownFileType = text.plist.xml; path = "CryptoTodoList-Info.plist"; plistStructureDefinitionIdentifier = "com.apple.xcode.plist.structure-definition.iphone.info-plist"; sourceTree = "<group>"; };
		B25BC0F9146AA0FB00008FB3 /* BaseModel.h */ = {isa = PBXFileReference; fileEncoding = 4; lastKnownFileType = sourcecode.c.h; path = BaseModel.h; sourceTree = "<group>"; };
		B25BC0FA146AA0FB00008FB3 /* BaseModel.m */ = {isa = PBXFileReference; fileEncoding = 4; lastKnownFileType = sourcecode.c.objc; path = BaseModel.m; sourceTree = "<group>"; };
		B2CE7D5213E1729C00AB7DB4 /* TodoItem.h */ = {isa = PBXFileReference; fileEncoding = 4; lastKnownFileType = sourcecode.c.h; path = TodoItem.h; sourceTree = "<group>"; };
		B2CE7D5313E1729C00AB7DB4 /* TodoItem.m */ = {isa = PBXFileReference; fileEncoding = 4; lastKnownFileType = sourcecode.c.objc; path = TodoItem.m; sourceTree = "<group>"; };
		B2CE7D5513E172A700AB7DB4 /* TodoList.m */ = {isa = PBXFileReference; fileEncoding = 4; lastKnownFileType = sourcecode.c.objc; path = TodoList.m; sourceTree = "<group>"; };
		B2CE7D5613E172A700AB7DB4 /* TodoList.h */ = {isa = PBXFileReference; fileEncoding = 4; lastKnownFileType = sourcecode.c.h; path = TodoList.h; sourceTree = "<group>"; };
/* End PBXFileReference section */

/* Begin PBXFrameworksBuildPhase section */
		1D60588F0D05DD3D006BFB54 /* Frameworks */ = {
			isa = PBXFrameworksBuildPhase;
			buildActionMask = 2147483647;
			files = (
				01CDB1F81611333600B929AD /* Security.framework in Frameworks */,
				1D60589F0D05DD5A006BFB54 /* Foundation.framework in Frameworks */,
				1DF5F4E00D08C38300B7A737 /* UIKit.framework in Frameworks */,
				288765A50DF7441C002DB57D /* CoreGraphics.framework in Frameworks */,
			);
			runOnlyForDeploymentPostprocessing = 0;
		};
/* End PBXFrameworksBuildPhase section */

/* Begin PBXGroup section */
		01457AF311772690005BBF82 /* View Controllers */ = {
			isa = PBXGroup;
			children = (
				1D3623240D0F684500981E51 /* TodoListAppDelegate.h */,
				1D3623250D0F684500981E51 /* TodoListAppDelegate.m */,
				28D7ACF60DDB3853001CB0EB /* TodoListViewController.h */,
				28D7ACF70DDB3853001CB0EB /* TodoListViewController.m */,
				01457AE8117723E2005BBF82 /* NewItemViewController.h */,
				01457AE9117723E2005BBF82 /* NewItemViewController.m */,
			);
			name = "View Controllers";
			sourceTree = "<group>";
		};
		01457AF41177269B005BBF82 /* Model */ = {
			isa = PBXGroup;
			children = (
				B2CE7D5613E172A700AB7DB4 /* TodoList.h */,
				B2CE7D5513E172A700AB7DB4 /* TodoList.m */,
				B2CE7D5213E1729C00AB7DB4 /* TodoItem.h */,
				B2CE7D5313E1729C00AB7DB4 /* TodoItem.m */,
			);
			name = Model;
			sourceTree = "<group>";
		};
		01864D421861E0440081685A /* CryptoCoding */ = {
			isa = PBXGroup;
			children = (
				01864D431861E0440081685A /* CryptoCoding.h */,
				01864D441861E0440081685A /* CryptoCoding.m */,
			);
			name = CryptoCoding;
			path = ../Libraries/CryptoCoding;
			sourceTree = "<group>";
		};
		080E96DDFE201D6D7F000001 /* Classes */ = {
			isa = PBXGroup;
			children = (
				01457AF311772690005BBF82 /* View Controllers */,
				01457AF41177269B005BBF82 /* Model */,
			);
			path = Classes;
			sourceTree = "<group>";
		};
		19C28FACFE9D520D11CA2CBB /* Products */ = {
			isa = PBXGroup;
			children = (
				1D6058910D05DD3D006BFB54 /* CryptoTodoList.app */,
			);
			name = Products;
			sourceTree = "<group>";
		};
		29B97314FDCFA39411CA2CEA /* CustomTemplate */ = {
			isa = PBXGroup;
			children = (
				01864D421861E0440081685A /* CryptoCoding */,
				B25BC0F8146AA0FB00008FB3 /* BaseModel */,
				080E96DDFE201D6D7F000001 /* Classes */,
				29B97315FDCFA39411CA2CEA /* Other Sources */,
				29B97317FDCFA39411CA2CEA /* Resources */,
				29B97323FDCFA39411CA2CEA /* Frameworks */,
				19C28FACFE9D520D11CA2CBB /* Products */,
			);
			name = CustomTemplate;
			sourceTree = "<group>";
		};
		29B97315FDCFA39411CA2CEA /* Other Sources */ = {
			isa = PBXGroup;
			children = (
				32CA4F630368D1EE00C91783 /* CryptoTodoList_Prefix.pch */,
				29B97316FDCFA39411CA2CEA /* main.m */,
			);
			name = "Other Sources";
			sourceTree = "<group>";
		};
		29B97317FDCFA39411CA2CEA /* Resources */ = {
			isa = PBXGroup;
			children = (
				01CDB1F91611334700B929AD /* Default-568h@2x.png */,
				2899E5210DE3E06400AC0155 /* TodoListViewController.xib */,
				01457AEA117723E2005BBF82 /* NewItemViewController.xib */,
				28AD733E0D9D9553002E5188 /* MainWindow.xib */,
				8D1107310486CEB800E47090 /* CryptoTodoList-Info.plist */,
				014579F01176FCB8005BBF82 /* TodoList.plist */,
			);
			name = Resources;
			sourceTree = "<group>";
		};
		29B97323FDCFA39411CA2CEA /* Frameworks */ = {
			isa = PBXGroup;
			children = (
				1DF5F4DF0D08C38300B7A737 /* UIKit.framework */,
				1D30AB110D05D00D00671497 /* Foundation.framework */,
				288765A40DF7441C002DB57D /* CoreGraphics.framework */,
				01CDB1F71611333600B929AD /* Security.framework */,
			);
			name = Frameworks;
			sourceTree = "<group>";
		};
		B25BC0F8146AA0FB00008FB3 /* BaseModel */ = {
			isa = PBXGroup;
			children = (
				B25BC0F9146AA0FB00008FB3 /* BaseModel.h */,
				B25BC0FA146AA0FB00008FB3 /* BaseModel.m */,
			);
			name = BaseModel;
			path = ../../BaseModel;
			sourceTree = "<group>";
		};
/* End PBXGroup section */

/* Begin PBXNativeTarget section */
		1D6058900D05DD3D006BFB54 /* CryptoTodoList */ = {
			isa = PBXNativeTarget;
			buildConfigurationList = 1D6058960D05DD3E006BFB54 /* Build configuration list for PBXNativeTarget "CryptoTodoList" */;
			buildPhases = (
				1D60588D0D05DD3D006BFB54 /* Resources */,
				1D60588E0D05DD3D006BFB54 /* Sources */,
				1D60588F0D05DD3D006BFB54 /* Frameworks */,
			);
			buildRules = (
			);
			dependencies = (
			);
			name = CryptoTodoList;
			productName = TodoList1;
			productReference = 1D6058910D05DD3D006BFB54 /* CryptoTodoList.app */;
			productType = "com.apple.product-type.application";
		};
/* End PBXNativeTarget section */

/* Begin PBXProject section */
		29B97313FDCFA39411CA2CEA /* Project object */ = {
			isa = PBXProject;
			attributes = {
				LastUpgradeCheck = 0450;
			};
			buildConfigurationList = C01FCF4E08A954540054247B /* Build configuration list for PBXProject "CryptoTodoList" */;
			compatibilityVersion = "Xcode 3.2";
			developmentRegion = English;
			hasScannedForEncodings = 1;
			knownRegions = (
				English,
				Japanese,
				French,
				German,
			);
			mainGroup = 29B97314FDCFA39411CA2CEA /* CustomTemplate */;
			projectDirPath = "";
			projectRoot = "";
			targets = (
				1D6058900D05DD3D006BFB54 /* CryptoTodoList */,
			);
		};
/* End PBXProject section */

/* Begin PBXResourcesBuildPhase section */
		1D60588D0D05DD3D006BFB54 /* Resources */ = {
			isa = PBXResourcesBuildPhase;
			buildActionMask = 2147483647;
			files = (
				28AD733F0D9D9553002E5188 /* MainWindow.xib in Resources */,
				2899E5220DE3E06400AC0155 /* TodoListViewController.xib in Resources */,
				014579F11176FCB8005BBF82 /* TodoList.plist in Resources */,
				01457AEC117723E2005BBF82 /* NewItemViewController.xib in Resources */,
				01CDB1FA1611334700B929AD /* Default-568h@2x.png in Resources */,
			);
			runOnlyForDeploymentPostprocessing = 0;
		};
/* End PBXResourcesBuildPhase section */

/* Begin PBXSourcesBuildPhase section */
		1D60588E0D05DD3D006BFB54 /* Sources */ = {
			isa = PBXSourcesBuildPhase;
			buildActionMask = 2147483647;
			files = (
				1D60589B0D05DD56006BFB54 /* main.m in Sources */,
				1D3623260D0F684500981E51 /* TodoListAppDelegate.m in Sources */,
				28D7ACF80DDB3853001CB0EB /* TodoListViewController.m in Sources */,
				01457AEB117723E2005BBF82 /* NewItemViewController.m in Sources */,
				B2CE7D5413E1729C00AB7DB4 /* TodoItem.m in Sources */,
				B2CE7D5713E172A700AB7DB4 /* TodoList.m in Sources */,
				01864D451861E0440081685A /* CryptoCoding.m in Sources */,
				B25BC0FB146AA0FB00008FB3 /* BaseModel.m in Sources */,
			);
			runOnlyForDeploymentPostprocessing = 0;
		};
/* End PBXSourcesBuildPhase section */

/* Begin XCBuildConfiguration section */
		1D6058940D05DD3E006BFB54 /* Debug */ = {
			isa = XCBuildConfiguration;
			buildSettings = {
				ALWAYS_SEARCH_USER_PATHS = NO;
				CLANG_ENABLE_OBJC_ARC = YES;
				COPY_PHASE_STRIP = NO;
				GCC_DYNAMIC_NO_PIC = NO;
				GCC_OPTIMIZATION_LEVEL = 0;
				GCC_PRECOMPILE_PREFIX_HEADER = YES;
				GCC_PREFIX_HEADER = CryptoTodoList_Prefix.pch;
				GCC_PREPROCESSOR_DEFINITIONS = "BASEMODEL_ENABLE_UNIQUE_ID=1";
				GCC_VERSION = com.apple.compilers.llvm.clang.1_0;
				INFOPLIST_FILE = "CryptoTodoList-Info.plist";
				PRODUCT_NAME = CryptoTodoList;
				SDKROOT = iphoneos;
			};
			name = Debug;
		};
		1D6058950D05DD3E006BFB54 /* Release */ = {
			isa = XCBuildConfiguration;
			buildSettings = {
				ALWAYS_SEARCH_USER_PATHS = NO;
				CLANG_ENABLE_OBJC_ARC = YES;
				COPY_PHASE_STRIP = YES;
				GCC_PRECOMPILE_PREFIX_HEADER = YES;
				GCC_PREFIX_HEADER = CryptoTodoList_Prefix.pch;
				GCC_PREPROCESSOR_DEFINITIONS = "BASEMODEL_ENABLE_UNIQUE_ID=1";
				GCC_VERSION = com.apple.compilers.llvm.clang.1_0;
				INFOPLIST_FILE = "CryptoTodoList-Info.plist";
				PRODUCT_NAME = CryptoTodoList;
			};
			name = Release;
		};
		C01FCF4F08A954540054247B /* Debug */ = {
			isa = XCBuildConfiguration;
			buildSettings = {
				ARCHS = "$(ARCHS_STANDARD_32_BIT)";
				"CODE_SIGN_IDENTITY[sdk=iphoneos*]" = "iPhone Developer";
				GCC_C_LANGUAGE_STANDARD = c99;
				GCC_TREAT_WARNINGS_AS_ERRORS = YES;
				GCC_WARN_ABOUT_RETURN_TYPE = YES;
				GCC_WARN_UNUSED_VARIABLE = YES;
				RUN_CLANG_STATIC_ANALYZER = YES;
				SDKROOT = iphoneos;
			};
			name = Debug;
		};
		C01FCF5008A954540054247B /* Release */ = {
			isa = XCBuildConfiguration;
			buildSettings = {
				ARCHS = "$(ARCHS_STANDARD_32_BIT)";
				"CODE_SIGN_IDENTITY[sdk=iphoneos*]" = "iPhone Developer";
				GCC_C_LANGUAGE_STANDARD = c99;
				GCC_TREAT_WARNINGS_AS_ERRORS = YES;
				GCC_WARN_ABOUT_RETURN_TYPE = YES;
				GCC_WARN_UNUSED_VARIABLE = YES;
				RUN_CLANG_STATIC_ANALYZER = YES;
				SDKROOT = iphoneos;
			};
			name = Release;
		};
/* End XCBuildConfiguration section */

/* Begin XCConfigurationList section */
		1D6058960D05DD3E006BFB54 /* Build configuration list for PBXNativeTarget "CryptoTodoList" */ = {
			isa = XCConfigurationList;
			buildConfigurations = (
				1D6058940D05DD3E006BFB54 /* Debug */,
				1D6058950D05DD3E006BFB54 /* Release */,
			);
			defaultConfigurationIsVisible = 0;
			defaultConfigurationName = Release;
		};
		C01FCF4E08A954540054247B /* Build configuration list for PBXProject "CryptoTodoList" */ = {
			isa = XCConfigurationList;
			buildConfigurations = (
				C01FCF4F08A954540054247B /* Debug */,
				C01FCF5008A954540054247B /* Release */,
			);
			defaultConfigurationIsVisible = 0;
			defaultConfigurationName = Release;
		};
/* End XCConfigurationList section */
	};
	rootObject = 29B97313FDCFA39411CA2CEA /* Project object */;
}
